
Microsoft Visual Studio Solution File, Format Version 12.00
# Visual Studio Version 17
VisualStudioVersion = 17.3.32929.385
MinimumVisualStudioVersion = 10.0.40219.1
Project("{9A19103F-16F7-4668-BE54-9A1E7A4F7556}") = "TiendaApi", "TiendaApi\TiendaApi.csproj", "{7BC7D471-7F34-47AC-AD5D-89700B4A53CF}"
EndProject
Project("{9A19103F-16F7-4668-BE54-9A1E7A4F7556}") = "Entities", "Entities\Entities.csproj", "{87383751-B3BC-465C-87FF-CACE1ACE4077}"
EndProject
Project("{FAE04EC0-301F-11D3-BF4B-00C04F79EFBC}") = "Negocio", "Negocio\Negocio.csproj", "{51B74724-FC8E-4460-B7C7-C9A8E5533E16}"
EndProject
Global
	GlobalSection(SolutionConfigurationPlatforms) = preSolution
		Debug|Any CPU = Debug|Any CPU
		Release|Any CPU = Release|Any CPU
	EndGlobalSection
	GlobalSection(ProjectConfigurationPlatforms) = postSolution
		{7BC7D471-7F34-47AC-AD5D-89700B4A53CF}.Debug|Any CPU.ActiveCfg = Debug|Any CPU
		{7BC7D471-7F34-47AC-AD5D-89700B4A53CF}.Debug|Any CPU.Build.0 = Debug|Any CPU
		{7BC7D471-7F34-47AC-AD5D-89700B4A53CF}.Release|Any CPU.ActiveCfg = Release|Any CPU
		{7BC7D471-7F34-47AC-AD5D-89700B4A53CF}.Release|Any CPU.Build.0 = Release|Any CPU
		{87383751-B3BC-465C-87FF-CACE1ACE4077}.Debug|Any CPU.ActiveCfg = Debug|Any CPU
		{87383751-B3BC-465C-87FF-CACE1ACE4077}.Debug|Any CPU.Build.0 = Debug|Any CPU
		{87383751-B3BC-465C-87FF-CACE1ACE4077}.Release|Any CPU.ActiveCfg = Release|Any CPU
		{87383751-B3BC-465C-87FF-CACE1ACE4077}.Release|Any CPU.Build.0 = Release|Any CPU
		{51B74724-FC8E-4460-B7C7-C9A8E5533E16}.Debug|Any CPU.ActiveCfg = Debug|Any CPU
		{51B74724-FC8E-4460-B7C7-C9A8E5533E16}.Debug|Any CPU.Build.0 = Debug|Any CPU
		{51B74724-FC8E-4460-B7C7-C9A8E5533E16}.Release|Any CPU.ActiveCfg = Release|Any CPU
		{51B74724-FC8E-4460-B7C7-C9A8E5533E16}.Release|Any CPU.Build.0 = Release|Any CPU
	EndGlobalSection
	GlobalSection(SolutionProperties) = preSolution
		HideSolutionNode = FALSE
	EndGlobalSection
	GlobalSection(ExtensibilityGlobals) = postSolution
		SolutionGuid = {A4F2E270-5365-4424-BFB1-A2A0EDFB6043}
	EndGlobalSection
EndGlobal
